
Microsoft Visual Studio Solution File, Format Version 12.00
# Visual Studio Version 17
VisualStudioVersion = 17.7.34221.43
MinimumVisualStudioVersion = 10.0.40219.1
Project("{9A19103F-16F7-4668-BE54-9A1E7A4F7556}") = "VersityHub", "VersityHub\VersityHub.csproj", "{8B95A395-C6AE-40F4-890C-96E2F558FD7C}"
EndProject
Project("{FAE04EC0-301F-11D3-BF4B-00C04F79EFBC}") = "ProductAPI", "ProductAPI\ProductAPI.csproj", "{75059FA0-F31D-466E-98E1-A6E0CE568D16}"
EndProject
Project("{FAE04EC0-301F-11D3-BF4B-00C04F79EFBC}") = "CustomerAPI", "CustomerAPI\CustomerAPI.csproj", "{5497E173-0AD3-43BF-A3B0-7C17D0933461}"
EndProject
Project("{FAE04EC0-301F-11D3-BF4B-00C04F79EFBC}") = "OrderingAPI", "OrderingAPI\OrderingAPI.csproj", "{9D010021-5FD1-4218-812A-F03FF106E7DE}"
EndProject
Project("{FAE04EC0-301F-11D3-BF4B-00C04F79EFBC}") = "PaymentAPI", "PaymentAPI\PaymentAPI.csproj", "{60D3D96C-5749-4BE1-9695-166D6199E089}"
EndProject
Global
	GlobalSection(SolutionConfigurationPlatforms) = preSolution
		Debug|Any CPU = Debug|Any CPU
		Release|Any CPU = Release|Any CPU
	EndGlobalSection
	GlobalSection(ProjectConfigurationPlatforms) = postSolution
		{8B95A395-C6AE-40F4-890C-96E2F558FD7C}.Debug|Any CPU.ActiveCfg = Debug|Any CPU
		{8B95A395-C6AE-40F4-890C-96E2F558FD7C}.Debug|Any CPU.Build.0 = Debug|Any CPU
		{8B95A395-C6AE-40F4-890C-96E2F558FD7C}.Release|Any CPU.ActiveCfg = Release|Any CPU
		{8B95A395-C6AE-40F4-890C-96E2F558FD7C}.Release|Any CPU.Build.0 = Release|Any CPU
		{75059FA0-F31D-466E-98E1-A6E0CE568D16}.Debug|Any CPU.ActiveCfg = Debug|Any CPU
		{75059FA0-F31D-466E-98E1-A6E0CE568D16}.Debug|Any CPU.Build.0 = Debug|Any CPU
		{75059FA0-F31D-466E-98E1-A6E0CE568D16}.Release|Any CPU.ActiveCfg = Release|Any CPU
		{75059FA0-F31D-466E-98E1-A6E0CE568D16}.Release|Any CPU.Build.0 = Release|Any CPU
		{5497E173-0AD3-43BF-A3B0-7C17D0933461}.Debug|Any CPU.ActiveCfg = Debug|Any CPU
		{5497E173-0AD3-43BF-A3B0-7C17D0933461}.Debug|Any CPU.Build.0 = Debug|Any CPU
		{5497E173-0AD3-43BF-A3B0-7C17D0933461}.Release|Any CPU.ActiveCfg = Release|Any CPU
		{5497E173-0AD3-43BF-A3B0-7C17D0933461}.Release|Any CPU.Build.0 = Release|Any CPU
		{9D010021-5FD1-4218-812A-F03FF106E7DE}.Debug|Any CPU.ActiveCfg = Debug|Any CPU
		{9D010021-5FD1-4218-812A-F03FF106E7DE}.Debug|Any CPU.Build.0 = Debug|Any CPU
		{9D010021-5FD1-4218-812A-F03FF106E7DE}.Release|Any CPU.ActiveCfg = Release|Any CPU
		{9D010021-5FD1-4218-812A-F03FF106E7DE}.Release|Any CPU.Build.0 = Release|Any CPU
		{60D3D96C-5749-4BE1-9695-166D6199E089}.Debug|Any CPU.ActiveCfg = Debug|Any CPU
		{60D3D96C-5749-4BE1-9695-166D6199E089}.Debug|Any CPU.Build.0 = Debug|Any CPU
		{60D3D96C-5749-4BE1-9695-166D6199E089}.Release|Any CPU.ActiveCfg = Release|Any CPU
		{60D3D96C-5749-4BE1-9695-166D6199E089}.Release|Any CPU.Build.0 = Release|Any CPU
	EndGlobalSection
	GlobalSection(SolutionProperties) = preSolution
		HideSolutionNode = FALSE
	EndGlobalSection
	GlobalSection(ExtensibilityGlobals) = postSolution
		SolutionGuid = {CF04AC61-57FA-4179-8D18-782B63B4622D}
	EndGlobalSection
EndGlobal
